
Microsoft Visual Studio Solution File, Format Version 12.00
# Visual Studio Version 17
VisualStudioVersion = 17.3.32819.101
MinimumVisualStudioVersion = 10.0.40219.1
Project("{FAE04EC0-301F-11D3-BF4B-00C04F79EFBC}") = "SoftUniFundamentals", "SoftUniFundamentals.csproj", "{46BE4CC1-4819-4C92-993B-63595A6A8815}"
EndProject
Global
	GlobalSection(SolutionConfigurationPlatforms) = preSolution
		Debug|Any CPU = Debug|Any CPU
		Release|Any CPU = Release|Any CPU
	EndGlobalSection
	GlobalSection(ProjectConfigurationPlatforms) = postSolution
		{46BE4CC1-4819-4C92-993B-63595A6A8815}.Debug|Any CPU.ActiveCfg = Debug|Any CPU
		{46BE4CC1-4819-4C92-993B-63595A6A8815}.Debug|Any CPU.Build.0 = Debug|Any CPU
		{46BE4CC1-4819-4C92-993B-63595A6A8815}.Release|Any CPU.ActiveCfg = Release|Any CPU
		{46BE4CC1-4819-4C92-993B-63595A6A8815}.Release|Any CPU.Build.0 = Release|Any CPU
	EndGlobalSection
	GlobalSection(SolutionProperties) = preSolution
		HideSolutionNode = FALSE
	EndGlobalSection
	GlobalSection(ExtensibilityGlobals) = postSolution
		SolutionGuid = {68C3A009-A776-4A88-89F5-D1C4F27D0A4C}
	EndGlobalSection
EndGlobal
